
Microsoft Visual Studio Solution File, Format Version 12.00
# Visual Studio 14
VisualStudioVersion = 14.0.25420.1
MinimumVisualStudioVersion = 10.0.40219.1
Project("{2150E333-8FDC-42A3-9474-1A3956D46DE8}") = "src", "src", "{20D217A8-6299-4537-8AA5-BB0AC7897F20}"
EndProject
Project("{2150E333-8FDC-42A3-9474-1A3956D46DE8}") = "Solution Items", "Solution Items", "{F90B0F0E-C03F-45D1-8CA6-ABE089A02190}"
	ProjectSection(SolutionItems) = preProject
		global.json = global.json
	EndProjectSection
EndProject
Project("{8BB2217D-0F2D-49D1-97BC-3654ED321F3B}") = "IS4.Server", "src\IS4.Server\IS4.Server.xproj", "{CF9EC747-BD11-41BB-94D0-D8D80E8B85D7}"
EndProject
Global
	GlobalSection(SolutionConfigurationPlatforms) = preSolution
		Debug|Any CPU = Debug|Any CPU
		Release|Any CPU = Release|Any CPU
	EndGlobalSection
	GlobalSection(ProjectConfigurationPlatforms) = postSolution
		{CF9EC747-BD11-41BB-94D0-D8D80E8B85D7}.Debug|Any CPU.ActiveCfg = Debug|Any CPU
		{CF9EC747-BD11-41BB-94D0-D8D80E8B85D7}.Debug|Any CPU.Build.0 = Debug|Any CPU
		{CF9EC747-BD11-41BB-94D0-D8D80E8B85D7}.Release|Any CPU.ActiveCfg = Release|Any CPU
		{CF9EC747-BD11-41BB-94D0-D8D80E8B85D7}.Release|Any CPU.Build.0 = Release|Any CPU
	EndGlobalSection
	GlobalSection(SolutionProperties) = preSolution
		HideSolutionNode = FALSE
	EndGlobalSection
	GlobalSection(NestedProjects) = preSolution
		{CF9EC747-BD11-41BB-94D0-D8D80E8B85D7} = {20D217A8-6299-4537-8AA5-BB0AC7897F20}
	EndGlobalSection
EndGlobal
